
Microsoft Visual Studio Solution File, Format Version 12.00
# Visual Studio Version 17
VisualStudioVersion = 17.0.31903.59
MinimumVisualStudioVersion = 10.0.40219.1
Project("{FAE04EC0-301F-11D3-BF4B-00C04F79EFBC}") = "DroneServer", "DroneServer\DroneServer.csproj", "{600F8929-6364-424D-9241-8632C04DAEB9}"
EndProject
Project("{FAE04EC0-301F-11D3-BF4B-00C04F79EFBC}") = "DroneDeliveryLinux", "DroneDeliveryLinux\DroneDeliveryLinux.csproj", "{FB351A6C-9F0A-4572-8DDA-DCA37B7DC6CA}"
EndProject
Global
	GlobalSection(SolutionConfigurationPlatforms) = preSolution
		Debug|Any CPU = Debug|Any CPU
		Release|Any CPU = Release|Any CPU
	EndGlobalSection
	GlobalSection(SolutionProperties) = preSolution
		HideSolutionNode = FALSE
	EndGlobalSection
	GlobalSection(ProjectConfigurationPlatforms) = postSolution
		{600F8929-6364-424D-9241-8632C04DAEB9}.Debug|Any CPU.ActiveCfg = Debug|Any CPU
		{600F8929-6364-424D-9241-8632C04DAEB9}.Debug|Any CPU.Build.0 = Debug|Any CPU
		{600F8929-6364-424D-9241-8632C04DAEB9}.Release|Any CPU.ActiveCfg = Release|Any CPU
		{600F8929-6364-424D-9241-8632C04DAEB9}.Release|Any CPU.Build.0 = Release|Any CPU
		{FB351A6C-9F0A-4572-8DDA-DCA37B7DC6CA}.Debug|Any CPU.ActiveCfg = Debug|Any CPU
		{FB351A6C-9F0A-4572-8DDA-DCA37B7DC6CA}.Debug|Any CPU.Build.0 = Debug|Any CPU
		{FB351A6C-9F0A-4572-8DDA-DCA37B7DC6CA}.Release|Any CPU.ActiveCfg = Release|Any CPU
		{FB351A6C-9F0A-4572-8DDA-DCA37B7DC6CA}.Release|Any CPU.Build.0 = Release|Any CPU
	EndGlobalSection
EndGlobal
